{
  "name": "ttd-app",
  "version": "1.0.0",
  "lockfileVersion": 1,
  "requires": true,
  "dependencies": {
    "@lucky-canvas/uni": {
      "version": "0.0.4",
      "resolved": "https://registry.npmjs.org/@lucky-canvas/uni/-/uni-0.0.4.tgz",
      "integrity": "sha512-Q9jOpcGPPBQDQBPtf4Q4YUSluUt39RqAkbfSsuO+06iJqi47LH9M6PGX5U7+wZDOIFMGRNwpFcsfejmP/4RLxQ==",
      "requires": {
        "lucky-canvas": "~1.7.5"
      }
    },
    "dayjs": {
      "version": "1.10.7",
      "resolved": "https://registry.npmjs.org/dayjs/-/dayjs-1.10.7.tgz",
      "integrity": "sha512-P6twpd70BcPK34K26uJ1KT3wlhpuOAPoMwJzpsIWUxHZ7wpmbdZL/hQqBDfz7hGurYSa5PhzdhDHtt319hL3ig=="
    },
    "lucky-canvas": {
      "version": "1.7.13",
      "resolved": "https://registry.npmjs.org/lucky-canvas/-/lucky-canvas-1.7.13.tgz",
      "integrity": "sha512-B9Tl3kPrkYK+iUj0LIMhxWpYnmr4sdmJfFKwO1jEAoQ1ic/W9AsxBPBdiajpj1fSPvhfX5g0CuHzzDU8KySE1g=="
    }
  }
}
