{
  "name": "ttd-app",
  "version": "1.0.0",
  "lockfileVersion": 2,
  "requires": true,
  "packages": {
    "": {
      "name": "ttd-app",
      "version": "1.0.0",
      "license": "ISC",
      "dependencies": {
        "@lucky-canvas/uni": "0.0.4",
        "dayjs": "^1.10.7",
        "jsencrypt": "^3.2.1",
        "wxmp-rsa": "^2.1.0"
      }
    },
    "node_modules/@lucky-canvas/uni": {
      "version": "0.0.4",
      "resolved": "https://registry.npmjs.org/@lucky-canvas/uni/-/uni-0.0.4.tgz",
      "integrity": "sha512-Q9jOpcGPPBQDQBPtf4Q4YUSluUt39RqAkbfSsuO+06iJqi47LH9M6PGX5U7+wZDOIFMGRNwpFcsfejmP/4RLxQ==",
      "dependencies": {
        "lucky-canvas": "~1.7.5"
      }
    },
    "node_modules/dayjs": {
      "version": "1.10.7",
      "resolved": "https://registry.npmjs.org/dayjs/-/dayjs-1.10.7.tgz",
      "integrity": "sha512-P6twpd70BcPK34K26uJ1KT3wlhpuOAPoMwJzpsIWUxHZ7wpmbdZL/hQqBDfz7hGurYSa5PhzdhDHtt319hL3ig=="
    },
    "node_modules/jsencrypt": {
      "version": "3.2.1",
      "resolved": "https://registry.npmjs.org/jsencrypt/-/jsencrypt-3.2.1.tgz",
      "integrity": "sha512-k1sD5QV0KPn+D8uG9AdGzTQuamt82QZ3A3l6f7TRwMU6Oi2Vg0BsL+wZIQBONcraO1pc78ExMdvmBBJ8WhNYUA=="
    },
    "node_modules/lucky-canvas": {
      "version": "1.7.13",
      "resolved": "https://registry.npmjs.org/lucky-canvas/-/lucky-canvas-1.7.13.tgz",
      "integrity": "sha512-B9Tl3kPrkYK+iUj0LIMhxWpYnmr4sdmJfFKwO1jEAoQ1ic/W9AsxBPBdiajpj1fSPvhfX5g0CuHzzDU8KySE1g=="
    },
    "node_modules/wxmp-rsa": {
      "version": "2.1.0",
      "resolved": "https://registry.npmjs.org/wxmp-rsa/-/wxmp-rsa-2.1.0.tgz",
      "integrity": "sha512-VbWMJ+vf8t7G93sjkqjCn5yGy/Si3M8uD6OFebqjJWJ1R0WCyle7X6SNia7WWG6Qe1F2/OWxhbcSGA6ebUBwIA=="
    }
  },
  "dependencies": {
    "@lucky-canvas/uni": {
      "version": "0.0.4",
      "resolved": "https://registry.npmjs.org/@lucky-canvas/uni/-/uni-0.0.4.tgz",
      "integrity": "sha512-Q9jOpcGPPBQDQBPtf4Q4YUSluUt39RqAkbfSsuO+06iJqi47LH9M6PGX5U7+wZDOIFMGRNwpFcsfejmP/4RLxQ==",
      "requires": {
        "lucky-canvas": "~1.7.5"
      }
    },
    "dayjs": {
      "version": "1.10.7",
      "resolved": "https://registry.npmjs.org/dayjs/-/dayjs-1.10.7.tgz",
      "integrity": "sha512-P6twpd70BcPK34K26uJ1KT3wlhpuOAPoMwJzpsIWUxHZ7wpmbdZL/hQqBDfz7hGurYSa5PhzdhDHtt319hL3ig=="
    },
    "jsencrypt": {
      "version": "3.2.1",
      "resolved": "https://registry.npmjs.org/jsencrypt/-/jsencrypt-3.2.1.tgz",
      "integrity": "sha512-k1sD5QV0KPn+D8uG9AdGzTQuamt82QZ3A3l6f7TRwMU6Oi2Vg0BsL+wZIQBONcraO1pc78ExMdvmBBJ8WhNYUA=="
    },
    "lucky-canvas": {
      "version": "1.7.13",
      "resolved": "https://registry.npmjs.org/lucky-canvas/-/lucky-canvas-1.7.13.tgz",
      "integrity": "sha512-B9Tl3kPrkYK+iUj0LIMhxWpYnmr4sdmJfFKwO1jEAoQ1ic/W9AsxBPBdiajpj1fSPvhfX5g0CuHzzDU8KySE1g=="
    },
    "wxmp-rsa": {
      "version": "2.1.0",
      "resolved": "https://registry.npmjs.org/wxmp-rsa/-/wxmp-rsa-2.1.0.tgz",
      "integrity": "sha512-VbWMJ+vf8t7G93sjkqjCn5yGy/Si3M8uD6OFebqjJWJ1R0WCyle7X6SNia7WWG6Qe1F2/OWxhbcSGA6ebUBwIA=="
    }
  }
}
